
Microsoft Visual Studio Solution File, Format Version 12.00
# Visual Studio 15
VisualStudioVersion = 15.0.28307.1062
MinimumVisualStudioVersion = 10.0.40219.1
Project("{FAE04EC0-301F-11D3-BF4B-00C04F79EFBC}") = "SalesWebMvc", "SalesWebMvc\SalesWebMvc.csproj", "{A1E443D6-D627-48B7-A394-1FA9756CFCB3}"
EndProject
Global
	GlobalSection(SolutionConfigurationPlatforms) = preSolution
		Debug|Any CPU = Debug|Any CPU
		Release|Any CPU = Release|Any CPU
	EndGlobalSection
	GlobalSection(ProjectConfigurationPlatforms) = postSolution
		{A1E443D6-D627-48B7-A394-1FA9756CFCB3}.Debug|Any CPU.ActiveCfg = Debug|Any CPU
		{A1E443D6-D627-48B7-A394-1FA9756CFCB3}.Debug|Any CPU.Build.0 = Debug|Any CPU
		{A1E443D6-D627-48B7-A394-1FA9756CFCB3}.Release|Any CPU.ActiveCfg = Release|Any CPU
		{A1E443D6-D627-48B7-A394-1FA9756CFCB3}.Release|Any CPU.Build.0 = Release|Any CPU
	EndGlobalSection
	GlobalSection(SolutionProperties) = preSolution
		HideSolutionNode = FALSE
	EndGlobalSection
	GlobalSection(ExtensibilityGlobals) = postSolution
		SolutionGuid = {B63C4054-51CD-4B56-8254-7488967D88A5}
	EndGlobalSection
EndGlobal
